// !$*UTF8*$!
{
	archiveVersion = 1;
	classes = {
	};
	objectVersion = 56;
	objects = {

/* Begin PBXBuildFile section */
		EA9EA98E2B6BA572002A9310 /* AppDelegate.swift in Sources */ = {isa = PBXBuildFile; fileRef = EA9EA98D2B6BA572002A9310 /* AppDelegate.swift */; };
		EA9EA9902B6BA572002A9310 /* SceneDelegate.swift in Sources */ = {isa = PBXBuildFile; fileRef = EA9EA98F2B6BA572002A9310 /* SceneDelegate.swift */; };
		EA9EA9922B6BA572002A9310 /* ViewController.swift in Sources */ = {isa = PBXBuildFile; fileRef = EA9EA9912B6BA572002A9310 /* ViewController.swift */; };
		EA9EA9952B6BA572002A9310 /* Main.storyboard in Resources */ = {isa = PBXBuildFile; fileRef = EA9EA9932B6BA572002A9310 /* Main.storyboard */; };
		EA9EA9972B6BA576002A9310 /* Assets.xcassets in Resources */ = {isa = PBXBuildFile; fileRef = EA9EA9962B6BA576002A9310 /* Assets.xcassets */; };
		EA9EA99A2B6BA576002A9310 /* LaunchScreen.storyboard in Resources */ = {isa = PBXBuildFile; fileRef = EA9EA9982B6BA576002A9310 /* LaunchScreen.storyboard */; };
		EA9EA9A52B6BA576002A9310 /* RandomColorsTests.swift in Sources */ = {isa = PBXBuildFile; fileRef = EA9EA9A42B6BA576002A9310 /* RandomColorsTests.swift */; };
		EA9EA9AF2B6BA576002A9310 /* RandomColorsUITests.swift in Sources */ = {isa = PBXBuildFile; fileRef = EA9EA9AE2B6BA576002A9310 /* RandomColorsUITests.swift */; };
		EA9EA9B12B6BA576002A9310 /* RandomColorsUITestsLaunchTests.swift in Sources */ = {isa = PBXBuildFile; fileRef = EA9EA9B02B6BA576002A9310 /* RandomColorsUITestsLaunchTests.swift */; };
/* End PBXBuildFile section */

/* Begin PBXContainerItemProxy section */
		EA9EA9A12B6BA576002A9310 /* PBXContainerItemProxy */ = {
			isa = PBXContainerItemProxy;
			containerPortal = EA9EA9822B6BA572002A9310 /* Project object */;
			proxyType = 1;
			remoteGlobalIDString = EA9EA9892B6BA572002A9310;
			remoteInfo = RandomColors;
		};
		EA9EA9AB2B6BA576002A9310 /* PBXContainerItemProxy */ = {
			isa = PBXContainerItemProxy;
			containerPortal = EA9EA9822B6BA572002A9310 /* Project object */;
			proxyType = 1;
			remoteGlobalIDString = EA9EA9892B6BA572002A9310;
			remoteInfo = RandomColors;
		};
/* End PBXContainerItemProxy section */

/* Begin PBXFileReference section */
		EA9EA98A2B6BA572002A9310 /* RandomColors.app */ = {isa = PBXFileReference; explicitFileType = wrapper.application; includeInIndex = 0; path = RandomColors.app; sourceTree = BUILT_PRODUCTS_DIR; };
		EA9EA98D2B6BA572002A9310 /* AppDelegate.swift */ = {isa = PBXFileReference; lastKnownFileType = sourcecode.swift; path = AppDelegate.swift; sourceTree = "<group>"; };
		EA9EA98F2B6BA572002A9310 /* SceneDelegate.swift */ = {isa = PBXFileReference; lastKnownFileType = sourcecode.swift; path = SceneDelegate.swift; sourceTree = "<group>"; };
		EA9EA9912B6BA572002A9310 /* ViewController.swift */ = {isa = PBXFileReference; lastKnownFileType = sourcecode.swift; path = ViewController.swift; sourceTree = "<group>"; };
		EA9EA9942B6BA572002A9310 /* Base */ = {isa = PBXFileReference; lastKnownFileType = file.storyboard; name = Base; path = Base.lproj/Main.storyboard; sourceTree = "<group>"; };
		EA9EA9962B6BA576002A9310 /* Assets.xcassets */ = {isa = PBXFileReference; lastKnownFileType = folder.assetcatalog; path = Assets.xcassets; sourceTree = "<group>"; };
		EA9EA9992B6BA576002A9310 /* Base */ = {isa = PBXFileReference; lastKnownFileType = file.storyboard; name = Base; path = Base.lproj/LaunchScreen.storyboard; sourceTree = "<group>"; };
		EA9EA99B2B6BA576002A9310 /* Info.plist */ = {isa = PBXFileReference; lastKnownFileType = text.plist.xml; path = Info.plist; sourceTree = "<group>"; };
		EA9EA9A02B6BA576002A9310 /* RandomColorsTests.xctest */ = {isa = PBXFileReference; explicitFileType = wrapper.cfbundle; includeInIndex = 0; path = RandomColorsTests.xctest; sourceTree = BUILT_PRODUCTS_DIR; };
		EA9EA9A42B6BA576002A9310 /* RandomColorsTests.swift */ = {isa = PBXFileReference; lastKnownFileType = sourcecode.swift; path = RandomColorsTests.swift; sourceTree = "<group>"; };
		EA9EA9AA2B6BA576002A9310 /* RandomColorsUITests.xctest */ = {isa = PBXFileReference; explicitFileType = wrapper.cfbundle; includeInIndex = 0; path = RandomColorsUITests.xctest; sourceTree = BUILT_PRODUCTS_DIR; };
		EA9EA9AE2B6BA576002A9310 /* RandomColorsUITests.swift */ = {isa = PBXFileReference; lastKnownFileType = sourcecode.swift; path = RandomColorsUITests.swift; sourceTree = "<group>"; };
		EA9EA9B02B6BA576002A9310 /* RandomColorsUITestsLaunchTests.swift */ = {isa = PBXFileReference; lastKnownFileType = sourcecode.swift; path = RandomColorsUITestsLaunchTests.swift; sourceTree = "<group>"; };
/* End PBXFileReference section */

/* Begin PBXFrameworksBuildPhase section */
		EA9EA9872B6BA572002A9310 /* Frameworks */ = {
			isa = PBXFrameworksBuildPhase;
			buildActionMask = 2147483647;
			files = (
			);
			runOnlyForDeploymentPostprocessing = 0;
		};
		EA9EA99D2B6BA576002A9310 /* Frameworks */ = {
			isa = PBXFrameworksBuildPhase;
			buildActionMask = 2147483647;
			files = (
			);
			runOnlyForDeploymentPostprocessing = 0;
		};
		EA9EA9A72B6BA576002A9310 /* Frameworks */ = {
			isa = PBXFrameworksBuildPhase;
			buildActionMask = 2147483647;
			files = (
			);
			runOnlyForDeploymentPostprocessing = 0;
		};
/* End PBXFrameworksBuildPhase section */

/* Begin PBXGroup section */
		EA9EA9812B6BA572002A9310 = {
			isa = PBXGroup;
			children = (
				EA9EA98C2B6BA572002A9310 /* RandomColors */,
				EA9EA9A32B6BA576002A9310 /* RandomColorsTests */,
				EA9EA9AD2B6BA576002A9310 /* RandomColorsUITests */,
				EA9EA98B2B6BA572002A9310 /* Products */,
			);
			sourceTree = "<group>";
		};
		EA9EA98B2B6BA572002A9310 /* Products */ = {
			isa = PBXGroup;
			children = (
				EA9EA98A2B6BA572002A9310 /* RandomColors.app */,
				EA9EA9A02B6BA576002A9310 /* RandomColorsTests.xctest */,
				EA9EA9AA2B6BA576002A9310 /* RandomColorsUITests.xctest */,
			);
			name = Products;
			sourceTree = "<group>";
		};
		EA9EA98C2B6BA572002A9310 /* RandomColors */ = {
			isa = PBXGroup;
			children = (
				EA9EA98D2B6BA572002A9310 /* AppDelegate.swift */,
				EA9EA98F2B6BA572002A9310 /* SceneDelegate.swift */,
				EA9EA9912B6BA572002A9310 /* ViewController.swift */,
				EA9EA9932B6BA572002A9310 /* Main.storyboard */,
				EA9EA9962B6BA576002A9310 /* Assets.xcassets */,
				EA9EA9982B6BA576002A9310 /* LaunchScreen.storyboard */,
				EA9EA99B2B6BA576002A9310 /* Info.plist */,
			);
			path = RandomColors;
			sourceTree = "<group>";
		};
		EA9EA9A32B6BA576002A9310 /* RandomColorsTests */ = {
			isa = PBXGroup;
			children = (
				EA9EA9A42B6BA576002A9310 /* RandomColorsTests.swift */,
			);
			path = RandomColorsTests;
			sourceTree = "<group>";
		};
		EA9EA9AD2B6BA576002A9310 /* RandomColorsUITests */ = {
			isa = PBXGroup;
			children = (
				EA9EA9AE2B6BA576002A9310 /* RandomColorsUITests.swift */,
				EA9EA9B02B6BA576002A9310 /* RandomColorsUITestsLaunchTests.swift */,
			);
			path = RandomColorsUITests;
			sourceTree = "<group>";
		};
/* End PBXGroup section */

/* Begin PBXNativeTarget section */
		EA9EA9892B6BA572002A9310 /* RandomColors */ = {
			isa = PBXNativeTarget;
			buildConfigurationList = EA9EA9B42B6BA576002A9310 /* Build configuration list for PBXNativeTarget "RandomColors" */;
			buildPhases = (
				EA9EA9862B6BA572002A9310 /* Sources */,
				EA9EA9872B6BA572002A9310 /* Frameworks */,
				EA9EA9882B6BA572002A9310 /* Resources */,
			);
			buildRules = (
			);
			dependencies = (
			);
			name = RandomColors;
			productName = RandomColors;
			productReference = EA9EA98A2B6BA572002A9310 /* RandomColors.app */;
			productType = "com.apple.product-type.application";
		};
		EA9EA99F2B6BA576002A9310 /* RandomColorsTests */ = {
			isa = PBXNativeTarget;
			buildConfigurationList = EA9EA9B72B6BA576002A9310 /* Build configuration list for PBXNativeTarget "RandomColorsTests" */;
			buildPhases = (
				EA9EA99C2B6BA576002A9310 /* Sources */,
				EA9EA99D2B6BA576002A9310 /* Frameworks */,
				EA9EA99E2B6BA576002A9310 /* Resources */,
			);
			buildRules = (
			);
			dependencies = (
				EA9EA9A22B6BA576002A9310 /* PBXTargetDependency */,
			);
			name = RandomColorsTests;
			productName = RandomColorsTests;
			productReference = EA9EA9A02B6BA576002A9310 /* RandomColorsTests.xctest */;
			productType = "com.apple.product-type.bundle.unit-test";
		};
		EA9EA9A92B6BA576002A9310 /* RandomColorsUITests */ = {
			isa = PBXNativeTarget;
			buildConfigurationList = EA9EA9BA2B6BA576002A9310 /* Build configuration list for PBXNativeTarget "RandomColorsUITests" */;
			buildPhases = (
				EA9EA9A62B6BA576002A9310 /* Sources */,
				EA9EA9A72B6BA576002A9310 /* Frameworks */,
				EA9EA9A82B6BA576002A9310 /* Resources */,
			);
			buildRules = (
			);
			dependencies = (
				EA9EA9AC2B6BA576002A9310 /* PBXTargetDependency */,
			);
			name = RandomColorsUITests;
			productName = RandomColorsUITests;
			productReference = EA9EA9AA2B6BA576002A9310 /* RandomColorsUITests.xctest */;
			productType = "com.apple.product-type.bundle.ui-testing";
		};
/* End PBXNativeTarget section */

/* Begin PBXProject section */
		EA9EA9822B6BA572002A9310 /* Project object */ = {
			isa = PBXProject;
			attributes = {
				BuildIndependentTargetsInParallel = 1;
				LastSwiftUpdateCheck = 1520;
				LastUpgradeCheck = 1520;
				TargetAttributes = {
					EA9EA9892B6BA572002A9310 = {
						CreatedOnToolsVersion = 15.2;
					};
					EA9EA99F2B6BA576002A9310 = {
						CreatedOnToolsVersion = 15.2;
						TestTargetID = EA9EA9892B6BA572002A9310;
					};
					EA9EA9A92B6BA576002A9310 = {
						CreatedOnToolsVersion = 15.2;
						TestTargetID = EA9EA9892B6BA572002A9310;
					};
				};
			};
			buildConfigurationList = EA9EA9852B6BA572002A9310 /* Build configuration list for PBXProject "RandomColors" */;
			compatibilityVersion = "Xcode 14.0";
			developmentRegion = en;
			hasScannedForEncodings = 0;
			knownRegions = (
				en,
				Base,
			);
			mainGroup = EA9EA9812B6BA572002A9310;
			productRefGroup = EA9EA98B2B6BA572002A9310 /* Products */;
			projectDirPath = "";
			projectRoot = "";
			targets = (
				EA9EA9892B6BA572002A9310 /* RandomColors */,
				EA9EA99F2B6BA576002A9310 /* RandomColorsTests */,
				EA9EA9A92B6BA576002A9310 /* RandomColorsUITests */,
			);
		};
/* End PBXProject section */

/* Begin PBXResourcesBuildPhase section */
		EA9EA9882B6BA572002A9310 /* Resources */ = {
			isa = PBXResourcesBuildPhase;
			buildActionMask = 2147483647;
			files = (
				EA9EA99A2B6BA576002A9310 /* LaunchScreen.storyboard in Resources */,
				EA9EA9972B6BA576002A9310 /* Assets.xcassets in Resources */,
				EA9EA9952B6BA572002A9310 /* Main.storyboard in Resources */,
			);
			runOnlyForDeploymentPostprocessing = 0;
		};
		EA9EA99E2B6BA576002A9310 /* Resources */ = {
			isa = PBXResourcesBuildPhase;
			buildActionMask = 2147483647;
			files = (
			);
			runOnlyForDeploymentPostprocessing = 0;
		};
		EA9EA9A82B6BA576002A9310 /* Resources */ = {
			isa = PBXResourcesBuildPhase;
			buildActionMask = 2147483647;
			files = (
			);
			runOnlyForDeploymentPostprocessing = 0;
		};
/* End PBXResourcesBuildPhase section */

/* Begin PBXSourcesBuildPhase section */
		EA9EA9862B6BA572002A9310 /* Sources */ = {
			isa = PBXSourcesBuildPhase;
			buildActionMask = 2147483647;
			files = (
				EA9EA9922B6BA572002A9310 /* ViewController.swift in Sources */,
				EA9EA98E2B6BA572002A9310 /* AppDelegate.swift in Sources */,
				EA9EA9902B6BA572002A9310 /* SceneDelegate.swift in Sources */,
			);
			runOnlyForDeploymentPostprocessing = 0;
		};
		EA9EA99C2B6BA576002A9310 /* Sources */ = {
			isa = PBXSourcesBuildPhase;
			buildActionMask = 2147483647;
			files = (
				EA9EA9A52B6BA576002A9310 /* RandomColorsTests.swift in Sources */,
			);
			runOnlyForDeploymentPostprocessing = 0;
		};
		EA9EA9A62B6BA576002A9310 /* Sources */ = {
			isa = PBXSourcesBuildPhase;
			buildActionMask = 2147483647;
			files = (
				EA9EA9AF2B6BA576002A9310 /* RandomColorsUITests.swift in Sources */,
				EA9EA9B12B6BA576002A9310 /* RandomColorsUITestsLaunchTests.swift in Sources */,
			);
			runOnlyForDeploymentPostprocessing = 0;
		};
/* End PBXSourcesBuildPhase section */

/* Begin PBXTargetDependency section */
		EA9EA9A22B6BA576002A9310 /* PBXTargetDependency */ = {
			isa = PBXTargetDependency;
			target = EA9EA9892B6BA572002A9310 /* RandomColors */;
			targetProxy = EA9EA9A12B6BA576002A9310 /* PBXContainerItemProxy */;
		};
		EA9EA9AC2B6BA576002A9310 /* PBXTargetDependency */ = {
			isa = PBXTargetDependency;
			target = EA9EA9892B6BA572002A9310 /* RandomColors */;
			targetProxy = EA9EA9AB2B6BA576002A9310 /* PBXContainerItemProxy */;
		};
/* End PBXTargetDependency section */

/* Begin PBXVariantGroup section */
		EA9EA9932B6BA572002A9310 /* Main.storyboard */ = {
			isa = PBXVariantGroup;
			children = (
				EA9EA9942B6BA572002A9310 /* Base */,
			);
			name = Main.storyboard;
			sourceTree = "<group>";
		};
		EA9EA9982B6BA576002A9310 /* LaunchScreen.storyboard */ = {
			isa = PBXVariantGroup;
			children = (
				EA9EA9992B6BA576002A9310 /* Base */,
			);
			name = LaunchScreen.storyboard;
			sourceTree = "<group>";
		};
/* End PBXVariantGroup section */

/* Begin XCBuildConfiguration section */
		EA9EA9B22B6BA576002A9310 /* Debug */ = {
			isa = XCBuildConfiguration;
			buildSettings = {
				ALWAYS_SEARCH_USER_PATHS = NO;
				ASSETCATALOG_COMPILER_GENERATE_SWIFT_ASSET_SYMBOL_EXTENSIONS = YES;
				CLANG_ANALYZER_NONNULL = YES;
				CLANG_ANALYZER_NUMBER_OBJECT_CONVERSION = YES_AGGRESSIVE;
				CLANG_CXX_LANGUAGE_STANDARD = "gnu++20";
				CLANG_ENABLE_MODULES = YES;
				CLANG_ENABLE_OBJC_ARC = YES;
				CLANG_ENABLE_OBJC_WEAK = YES;
				CLANG_WARN_BLOCK_CAPTURE_AUTORELEASING = YES;
				CLANG_WARN_BOOL_CONVERSION = YES;
				CLANG_WARN_COMMA = YES;
				CLANG_WARN_CONSTANT_CONVERSION = YES;
				CLANG_WARN_DEPRECATED_OBJC_IMPLEMENTATIONS = YES;
				CLANG_WARN_DIRECT_OBJC_ISA_USAGE = YES_ERROR;
				CLANG_WARN_DOCUMENTATION_COMMENTS = YES;
				CLANG_WARN_EMPTY_BODY = YES;
				CLANG_WARN_ENUM_CONVERSION = YES;
				CLANG_WARN_INFINITE_RECURSION = YES;
				CLANG_WARN_INT_CONVERSION = YES;
				CLANG_WARN_NON_LITERAL_NULL_CONVERSION = YES;
				CLANG_WARN_OBJC_IMPLICIT_RETAIN_SELF = YES;
				CLANG_WARN_OBJC_LITERAL_CONVERSION = YES;
				CLANG_WARN_OBJC_ROOT_CLASS = YES_ERROR;
				CLANG_WARN_QUOTED_INCLUDE_IN_FRAMEWORK_HEADER = YES;
				CLANG_WARN_RANGE_LOOP_ANALYSIS = YES;
				CLANG_WARN_STRICT_PROTOTYPES = YES;
				CLANG_WARN_SUSPICIOUS_MOVE = YES;
				CLANG_WARN_UNGUARDED_AVAILABILITY = YES_AGGRESSIVE;
				CLANG_WARN_UNREACHABLE_CODE = YES;
				CLANG_WARN__DUPLICATE_METHOD_MATCH = YES;
				COPY_PHASE_STRIP = NO;
				DEBUG_INFORMATION_FORMAT = dwarf;
				ENABLE_STRICT_OBJC_MSGSEND = YES;
				ENABLE_TESTABILITY = YES;
				ENABLE_USER_SCRIPT_SANDBOXING = YES;
				GCC_C_LANGUAGE_STANDARD = gnu17;
				GCC_DYNAMIC_NO_PIC = NO;
				GCC_NO_COMMON_BLOCKS = YES;
				GCC_OPTIMIZATION_LEVEL = 0;
				GCC_PREPROCESSOR_DEFINITIONS = (
					"DEBUG=1",
					"$(inherited)",
				);
				GCC_WARN_64_TO_32_BIT_CONVERSION = YES;
				GCC_WARN_ABOUT_RETURN_TYPE = YES_ERROR;
				GCC_WARN_UNDECLARED_SELECTOR = YES;
				GCC_WARN_UNINITIALIZED_AUTOS = YES_AGGRESSIVE;
				GCC_WARN_UNUSED_FUNCTION = YES;
				GCC_WARN_UNUSED_VARIABLE = YES;
				IPHONEOS_DEPLOYMENT_TARGET = 17.2;
				LOCALIZATION_PREFERS_STRING_CATALOGS = YES;
				MTL_ENABLE_DEBUG_INFO = INCLUDE_SOURCE;
				MTL_FAST_MATH = YES;
				ONLY_ACTIVE_ARCH = YES;
				SDKROOT = iphoneos;
				SWIFT_ACTIVE_COMPILATION_CONDITIONS = "DEBUG $(inherited)";
				SWIFT_OPTIMIZATION_LEVEL = "-Onone";
			};
			name = Debug;
		};
		EA9EA9B32B6BA576002A9310 /* Release */ = {
			isa = XCBuildConfiguration;
			buildSettings = {
				ALWAYS_SEARCH_USER_PATHS = NO;
				ASSETCATALOG_COMPILER_GENERATE_SWIFT_ASSET_SYMBOL_EXTENSIONS = YES;
				CLANG_ANALYZER_NONNULL = YES;
				CLANG_ANALYZER_NUMBER_OBJECT_CONVERSION = YES_AGGRESSIVE;
				CLANG_CXX_LANGUAGE_STANDARD = "gnu++20";
				CLANG_ENABLE_MODULES = YES;
				CLANG_ENABLE_OBJC_ARC = YES;
				CLANG_ENABLE_OBJC_WEAK = YES;
				CLANG_WARN_BLOCK_CAPTURE_AUTORELEASING = YES;
				CLANG_WARN_BOOL_CONVERSION = YES;
				CLANG_WARN_COMMA = YES;
				CLANG_WARN_CONSTANT_CONVERSION = YES;
				CLANG_WARN_DEPRECATED_OBJC_IMPLEMENTATIONS = YES;
				CLANG_WARN_DIRECT_OBJC_ISA_USAGE = YES_ERROR;
				CLANG_WARN_DOCUMENTATION_COMMENTS = YES;
				CLANG_WARN_EMPTY_BODY = YES;
				CLANG_WARN_ENUM_CONVERSION = YES;
				CLANG_WARN_INFINITE_RECURSION = YES;
				CLANG_WARN_INT_CONVERSION = YES;
				CLANG_WARN_NON_LITERAL_NULL_CONVERSION = YES;
				CLANG_WARN_OBJC_IMPLICIT_RETAIN_SELF = YES;
				CLANG_WARN_OBJC_LITERAL_CONVERSION = YES;
				CLANG_WARN_OBJC_ROOT_CLASS = YES_ERROR;
				CLANG_WARN_QUOTED_INCLUDE_IN_FRAMEWORK_HEADER = YES;
				CLANG_WARN_RANGE_LOOP_ANALYSIS = YES;
				CLANG_WARN_STRICT_PROTOTYPES = YES;
				CLANG_WARN_SUSPICIOUS_MOVE = YES;
				CLANG_WARN_UNGUARDED_AVAILABILITY = YES_AGGRESSIVE;
				CLANG_WARN_UNREACHABLE_CODE = YES;
				CLANG_WARN__DUPLICATE_METHOD_MATCH = YES;
				COPY_PHASE_STRIP = NO;
				DEBUG_INFORMATION_FORMAT = "dwarf-with-dsym";
				ENABLE_NS_ASSERTIONS = NO;
				ENABLE_STRICT_OBJC_MSGSEND = YES;
				ENABLE_USER_SCRIPT_SANDBOXING = YES;
				GCC_C_LANGUAGE_STANDARD = gnu17;
				GCC_NO_COMMON_BLOCKS = YES;
				GCC_WARN_64_TO_32_BIT_CONVERSION = YES;
				GCC_WARN_ABOUT_RETURN_TYPE = YES_ERROR;
				GCC_WARN_UNDECLARED_SELECTOR = YES;
				GCC_WARN_UNINITIALIZED_AUTOS = YES_AGGRESSIVE;
				GCC_WARN_UNUSED_FUNCTION = YES;
				GCC_WARN_UNUSED_VARIABLE = YES;
				IPHONEOS_DEPLOYMENT_TARGET = 17.2;
				LOCALIZATION_PREFERS_STRING_CATALOGS = YES;
				MTL_ENABLE_DEBUG_INFO = NO;
				MTL_FAST_MATH = YES;
				SDKROOT = iphoneos;
				SWIFT_COMPILATION_MODE = wholemodule;
				VALIDATE_PRODUCT = YES;
			};
			name = Release;
		};
		EA9EA9B52B6BA576002A9310 /* Debug */ = {
			isa = XCBuildConfiguration;
			buildSettings = {
				ASSETCATALOG_COMPILER_APPICON_NAME = AppIcon;
				ASSETCATALOG_COMPILER_GLOBAL_ACCENT_COLOR_NAME = AccentColor;
				CODE_SIGN_STYLE = Automatic;
				CURRENT_PROJECT_VERSION = 1;
				GENERATE_INFOPLIST_FILE = YES;
				INFOPLIST_FILE = RandomColors/Info.plist;
				INFOPLIST_KEY_UIApplicationSupportsIndirectInputEvents = YES;
				INFOPLIST_KEY_UILaunchStoryboardName = LaunchScreen;
				INFOPLIST_KEY_UIMainStoryboardFile = Main;
				INFOPLIST_KEY_UISupportedInterfaceOrientations_iPad = "UIInterfaceOrientationPortrait UIInterfaceOrientationPortraitUpsideDown UIInterfaceOrientationLandscapeLeft UIInterfaceOrientationLandscapeRight";
				INFOPLIST_KEY_UISupportedInterfaceOrientations_iPhone = "UIInterfaceOrientationPortrait UIInterfaceOrientationLandscapeLeft UIInterfaceOrientationLandscapeRight";
				LD_RUNPATH_SEARCH_PATHS = (
					"$(inherited)",
					"@executable_path/Frameworks",
				);
				MARKETING_VERSION = 1.0;
				PRODUCT_BUNDLE_IDENTIFIER = "Lina-Swift.RandomColors";
				PRODUCT_NAME = "$(TARGET_NAME)";
				SWIFT_EMIT_LOC_STRINGS = YES;
				SWIFT_VERSION = 5.0;
				TARGETED_DEVICE_FAMILY = "1,2";
			};
			name = Debug;
		};
		EA9EA9B62B6BA576002A9310 /* Release */ = {
			isa = XCBuildConfiguration;
			buildSettings = {
				ASSETCATALOG_COMPILER_APPICON_NAME = AppIcon;
				ASSETCATALOG_COMPILER_GLOBAL_ACCENT_COLOR_NAME = AccentColor;
				CODE_SIGN_STYLE = Automatic;
				CURRENT_PROJECT_VERSION = 1;
				GENERATE_INFOPLIST_FILE = YES;
				INFOPLIST_FILE = RandomColors/Info.plist;
				INFOPLIST_KEY_UIApplicationSupportsIndirectInputEvents = YES;
				INFOPLIST_KEY_UILaunchStoryboardName = LaunchScreen;
				INFOPLIST_KEY_UIMainStoryboardFile = Main;
				INFOPLIST_KEY_UISupportedInterfaceOrientations_iPad = "UIInterfaceOrientationPortrait UIInterfaceOrientationPortraitUpsideDown UIInterfaceOrientationLandscapeLeft UIInterfaceOrientationLandscapeRight";
				INFOPLIST_KEY_UISupportedInterfaceOrientations_iPhone = "UIInterfaceOrientationPortrait UIInterfaceOrientationLandscapeLeft UIInterfaceOrientationLandscapeRight";
				LD_RUNPATH_SEARCH_PATHS = (
					"$(inherited)",
					"@executable_path/Frameworks",
				);
				MARKETING_VERSION = 1.0;
				PRODUCT_BUNDLE_IDENTIFIER = "Lina-Swift.RandomColors";
				PRODUCT_NAME = "$(TARGET_NAME)";
				SWIFT_EMIT_LOC_STRINGS = YES;
				SWIFT_VERSION = 5.0;
				TARGETED_DEVICE_FAMILY = "1,2";
			};
			name = Release;
		};
		EA9EA9B82B6BA576002A9310 /* Debug */ = {
			isa = XCBuildConfiguration;
			buildSettings = {
				ALWAYS_EMBED_SWIFT_STANDARD_LIBRARIES = YES;
				BUNDLE_LOADER = "$(TEST_HOST)";
				CODE_SIGN_STYLE = Automatic;
				CURRENT_PROJECT_VERSION = 1;
				GENERATE_INFOPLIST_FILE = YES;
				IPHONEOS_DEPLOYMENT_TARGET = 17.2;
				MARKETING_VERSION = 1.0;
				PRODUCT_BUNDLE_IDENTIFIER = "Lina-Swift.RandomColorsTests";
				PRODUCT_NAME = "$(TARGET_NAME)";
				SWIFT_EMIT_LOC_STRINGS = NO;
				SWIFT_VERSION = 5.0;
				TARGETED_DEVICE_FAMILY = "1,2";
				TEST_HOST = "$(BUILT_PRODUCTS_DIR)/RandomColors.app/$(BUNDLE_EXECUTABLE_FOLDER_PATH)/RandomColors";
			};
			name = Debug;
		};
		EA9EA9B92B6BA576002A9310 /* Release */ = {
			isa = XCBuildConfiguration;
			buildSettings = {
				ALWAYS_EMBED_SWIFT_STANDARD_LIBRARIES = YES;
				BUNDLE_LOADER = "$(TEST_HOST)";
				CODE_SIGN_STYLE = Automatic;
				CURRENT_PROJECT_VERSION = 1;
				GENERATE_INFOPLIST_FILE = YES;
				IPHONEOS_DEPLOYMENT_TARGET = 17.2;
				MARKETING_VERSION = 1.0;
				PRODUCT_BUNDLE_IDENTIFIER = "Lina-Swift.RandomColorsTests";
				PRODUCT_NAME = "$(TARGET_NAME)";
				SWIFT_EMIT_LOC_STRINGS = NO;
				SWIFT_VERSION = 5.0;
				TARGETED_DEVICE_FAMILY = "1,2";
				TEST_HOST = "$(BUILT_PRODUCTS_DIR)/RandomColors.app/$(BUNDLE_EXECUTABLE_FOLDER_PATH)/RandomColors";
			};
			name = Release;
		};
		EA9EA9BB2B6BA576002A9310 /* Debug */ = {
			isa = XCBuildConfiguration;
			buildSettings = {
				ALWAYS_EMBED_SWIFT_STANDARD_LIBRARIES = YES;
				CODE_SIGN_STYLE = Automatic;
				CURRENT_PROJECT_VERSION = 1;
				GENERATE_INFOPLIST_FILE = YES;
				MARKETING_VERSION = 1.0;
				PRODUCT_BUNDLE_IDENTIFIER = "Lina-Swift.RandomColorsUITests";
				PRODUCT_NAME = "$(TARGET_NAME)";
				SWIFT_EMIT_LOC_STRINGS = NO;
				SWIFT_VERSION = 5.0;
				TARGETED_DEVICE_FAMILY = "1,2";
				TEST_TARGET_NAME = RandomColors;
			};
			name = Debug;
		};
		EA9EA9BC2B6BA576002A9310 /* Release */ = {
			isa = XCBuildConfiguration;
			buildSettings = {
				ALWAYS_EMBED_SWIFT_STANDARD_LIBRARIES = YES;
				CODE_SIGN_STYLE = Automatic;
				CURRENT_PROJECT_VERSION = 1;
				GENERATE_INFOPLIST_FILE = YES;
				MARKETING_VERSION = 1.0;
				PRODUCT_BUNDLE_IDENTIFIER = "Lina-Swift.RandomColorsUITests";
				PRODUCT_NAME = "$(TARGET_NAME)";
				SWIFT_EMIT_LOC_STRINGS = NO;
				SWIFT_VERSION = 5.0;
				TARGETED_DEVICE_FAMILY = "1,2";
				TEST_TARGET_NAME = RandomColors;
			};
			name = Release;
		};
/* End XCBuildConfiguration section */

/* Begin XCConfigurationList section */
		EA9EA9852B6BA572002A9310 /* Build configuration list for PBXProject "RandomColors" */ = {
			isa = XCConfigurationList;
			buildConfigurations = (
				EA9EA9B22B6BA576002A9310 /* Debug */,
				EA9EA9B32B6BA576002A9310 /* Release */,
			);
			defaultConfigurationIsVisible = 0;
			defaultConfigurationName = Release;
		};
		EA9EA9B42B6BA576002A9310 /* Build configuration list for PBXNativeTarget "RandomColors" */ = {
			isa = XCConfigurationList;
			buildConfigurations = (
				EA9EA9B52B6BA576002A9310 /* Debug */,
				EA9EA9B62B6BA576002A9310 /* Release */,
			);
			defaultConfigurationIsVisible = 0;
			defaultConfigurationName = Release;
		};
		EA9EA9B72B6BA576002A9310 /* Build configuration list for PBXNativeTarget "RandomColorsTests" */ = {
			isa = XCConfigurationList;
			buildConfigurations = (
				EA9EA9B82B6BA576002A9310 /* Debug */,
				EA9EA9B92B6BA576002A9310 /* Release */,
			);
			defaultConfigurationIsVisible = 0;
			defaultConfigurationName = Release;
		};
		EA9EA9BA2B6BA576002A9310 /* Build configuration list for PBXNativeTarget "RandomColorsUITests" */ = {
			isa = XCConfigurationList;
			buildConfigurations = (
				EA9EA9BB2B6BA576002A9310 /* Debug */,
				EA9EA9BC2B6BA576002A9310 /* Release */,
			);
			defaultConfigurationIsVisible = 0;
			defaultConfigurationName = Release;
		};
/* End XCConfigurationList section */
	};
	rootObject = EA9EA9822B6BA572002A9310 /* Project object */;
}
